
Microsoft Visual Studio Solution File, Format Version 12.00
# Visual Studio Version 17
VisualStudioVersion = 17.13.35931.197 d17.13
MinimumVisualStudioVersion = 10.0.40219.1
Project("{D2ABAB84-BF74-430A-B69E-9DC6D40DDA17}") = "PTNhanSu_ssas", "PTNhanSu_ssas\PTNhanSu_ssas.dwproj", "{66665BAD-58DC-D673-3210-1C182C5BFE7D}"
EndProject
Global
	GlobalSection(SolutionConfigurationPlatforms) = preSolution
		Development|Default = Development|Default
	EndGlobalSection
	GlobalSection(ProjectConfigurationPlatforms) = postSolution
		{66665BAD-58DC-D673-3210-1C182C5BFE7D}.Development|Default.ActiveCfg = Development
		{66665BAD-58DC-D673-3210-1C182C5BFE7D}.Development|Default.Build.0 = Development
		{66665BAD-58DC-D673-3210-1C182C5BFE7D}.Development|Default.Deploy.0 = Development
	EndGlobalSection
	GlobalSection(SolutionProperties) = preSolution
		HideSolutionNode = FALSE
	EndGlobalSection
	GlobalSection(ExtensibilityGlobals) = postSolution
		SolutionGuid = {B0544953-5CCC-4C62-90F4-C6AE4381F957}
	EndGlobalSection
EndGlobal
